
Microsoft Visual Studio Solution File, Format Version 12.00
# Visual Studio Version 17
VisualStudioVersion = 17.4.33213.308
MinimumVisualStudioVersion = 10.0.40219.1
Project("{FAE04EC0-301F-11D3-BF4B-00C04F79EFBC}") = "Q4", "Q4\Q4.csproj", "{A0F3F9CA-06E1-4E5B-9CDC-914C92094073}"
EndProject
Project("{FAE04EC0-301F-11D3-BF4B-00C04F79EFBC}") = "Catalog", "Catalog\Catalog.csproj", "{CF0CA0F5-A217-42D5-94CF-F809BE582C3E}"
EndProject
Global
	GlobalSection(SolutionConfigurationPlatforms) = preSolution
		Debug|Any CPU = Debug|Any CPU
		Release|Any CPU = Release|Any CPU
	EndGlobalSection
	GlobalSection(ProjectConfigurationPlatforms) = postSolution
		{A0F3F9CA-06E1-4E5B-9CDC-914C92094073}.Debug|Any CPU.ActiveCfg = Debug|Any CPU
		{A0F3F9CA-06E1-4E5B-9CDC-914C92094073}.Debug|Any CPU.Build.0 = Debug|Any CPU
		{A0F3F9CA-06E1-4E5B-9CDC-914C92094073}.Release|Any CPU.ActiveCfg = Release|Any CPU
		{A0F3F9CA-06E1-4E5B-9CDC-914C92094073}.Release|Any CPU.Build.0 = Release|Any CPU
		{CF0CA0F5-A217-42D5-94CF-F809BE582C3E}.Debug|Any CPU.ActiveCfg = Debug|Any CPU
		{CF0CA0F5-A217-42D5-94CF-F809BE582C3E}.Debug|Any CPU.Build.0 = Debug|Any CPU
		{CF0CA0F5-A217-42D5-94CF-F809BE582C3E}.Release|Any CPU.ActiveCfg = Release|Any CPU
		{CF0CA0F5-A217-42D5-94CF-F809BE582C3E}.Release|Any CPU.Build.0 = Release|Any CPU
	EndGlobalSection
	GlobalSection(SolutionProperties) = preSolution
		HideSolutionNode = FALSE
	EndGlobalSection
	GlobalSection(ExtensibilityGlobals) = postSolution
		SolutionGuid = {69F11C91-CB18-470B-AFB9-EC83853119D0}
	EndGlobalSection
EndGlobal
